// !$*UTF8*$!
{
	archiveVersion = 1;
	classes = {
	};
	objectVersion = 77;
	objects = {

/* Begin PBXGroup section */
		FD3FCF532F68AF9F00BF9AC6 = {
			isa = PBXGroup;
			children = (
			);
			sourceTree = "<group>";
		};
/* End PBXGroup section */

/* Begin PBXProject section */
		FD3FCF542F68AF9F00BF9AC6 /* Project object */ = {
			isa = PBXProject;
			attributes = {
				BuildIndependentTargetsInParallel = 1;
				LastUpgradeCheck = 2620;
			};
			buildConfigurationList = FD3FCF572F68AF9F00BF9AC6 /* Build configuration list for PBXProject "Swift-Xcode" */;
			developmentRegion = en;
			hasScannedForEncodings = 0;
			knownRegions = (
				en,
				Base,
			);
			mainGroup = FD3FCF532F68AF9F00BF9AC6;
			minimizedProjectReferenceProxies = 1;
			preferredProjectObjectVersion = 77;
			projectDirPath = "";
			projectRoot = "";
			targets = (
			);
		};
/* End PBXProject section */

/* Begin XCBuildConfiguration section */
		FD3FCF582F68AF9F00BF9AC6 /* Debug */ = {
			isa = XCBuildConfiguration;
			buildSettings = {
			};
			name = Debug;
		};
		FD3FCF592F68AF9F00BF9AC6 /* Release */ = {
			isa = XCBuildConfiguration;
			buildSettings = {
			};
			name = Release;
		};
/* End XCBuildConfiguration section */

/* Begin XCConfigurationList section */
		FD3FCF572F68AF9F00BF9AC6 /* Build configuration list for PBXProject "Swift-Xcode" */ = {
			isa = XCConfigurationList;
			buildConfigurations = (
				FD3FCF582F68AF9F00BF9AC6 /* Debug */,
				FD3FCF592F68AF9F00BF9AC6 /* Release */,
			);
			defaultConfigurationIsVisible = 0;
			defaultConfigurationName = Release;
		};
/* End XCConfigurationList section */
	};
	rootObject = FD3FCF542F68AF9F00BF9AC6 /* Project object */;
}
